
Microsoft Visual Studio Solution File, Format Version 12.00
# Visual Studio Version 17
VisualStudioVersion = 17.7.34202.233
MinimumVisualStudioVersion = 10.0.40219.1
Project("{11A8DD76-328B-46DF-9F39-F559912D0360}") = "NFApp", "NFApp\NFApp.nfproj", "{25626EF5-0583-47A8-A05A-9107B1A53E3C}"
EndProject
Global
	GlobalSection(SolutionConfigurationPlatforms) = preSolution
		Debug|Any CPU = Debug|Any CPU
		Release|Any CPU = Release|Any CPU
	EndGlobalSection
	GlobalSection(ProjectConfigurationPlatforms) = postSolution
		{25626EF5-0583-47A8-A05A-9107B1A53E3C}.Debug|Any CPU.ActiveCfg = Debug|Any CPU
		{25626EF5-0583-47A8-A05A-9107B1A53E3C}.Debug|Any CPU.Build.0 = Debug|Any CPU
		{25626EF5-0583-47A8-A05A-9107B1A53E3C}.Debug|Any CPU.Deploy.0 = Debug|Any CPU
		{25626EF5-0583-47A8-A05A-9107B1A53E3C}.Release|Any CPU.ActiveCfg = Release|Any CPU
		{25626EF5-0583-47A8-A05A-9107B1A53E3C}.Release|Any CPU.Build.0 = Release|Any CPU
		{25626EF5-0583-47A8-A05A-9107B1A53E3C}.Release|Any CPU.Deploy.0 = Release|Any CPU
	EndGlobalSection
	GlobalSection(SolutionProperties) = preSolution
		HideSolutionNode = FALSE
	EndGlobalSection
	GlobalSection(ExtensibilityGlobals) = postSolution
		SolutionGuid = {0C56B90F-2588-4E69-B383-F01658CB84A4}
	EndGlobalSection
EndGlobal
